Microsoft Visual Studio Solution File, Format Version 12.00
# Visual Studio 2012
<<<<<<< HEAD
Project("{FAE04EC0-301F-11D3-BF4B-00C04F79EFBC}") = "afvalweek", "afvalweek.csproj", "{8EC1F320-4790-4F4B-B6CD-B3DF92352A9E}"
=======
Project("{FAE04EC0-301F-11D3-BF4B-00C04F79EFBC}") = "afvalweek", "afvalweek.csproj", "{3DC67B96-DB97-4588-A4D2-564BDF41A1D0}"
>>>>>>> c176780736a76e28c636b8bbcef2fc1ff06f07c5
EndProject
Global
	GlobalSection(SolutionConfigurationPlatforms) = preSolution
	Debug|Any CPU = Debug|Any CPU
	ExportDebug|Any CPU = ExportDebug|Any CPU
	ExportRelease|Any CPU = ExportRelease|Any CPU
	EndGlobalSection
	GlobalSection(ProjectConfigurationPlatforms) = postSolution
<<<<<<< HEAD
		{8EC1F320-4790-4F4B-B6CD-B3DF92352A9E}.Debug|Any CPU.ActiveCfg = Debug|Any CPU
		{8EC1F320-4790-4F4B-B6CD-B3DF92352A9E}.Debug|Any CPU.Build.0 = Debug|Any CPU
		{8EC1F320-4790-4F4B-B6CD-B3DF92352A9E}.ExportDebug|Any CPU.ActiveCfg = ExportDebug|Any CPU
		{8EC1F320-4790-4F4B-B6CD-B3DF92352A9E}.ExportDebug|Any CPU.Build.0 = ExportDebug|Any CPU
		{8EC1F320-4790-4F4B-B6CD-B3DF92352A9E}.ExportRelease|Any CPU.ActiveCfg = ExportRelease|Any CPU
		{8EC1F320-4790-4F4B-B6CD-B3DF92352A9E}.ExportRelease|Any CPU.Build.0 = ExportRelease|Any CPU
=======
		{3DC67B96-DB97-4588-A4D2-564BDF41A1D0}.Debug|Any CPU.ActiveCfg = Debug|Any CPU
		{3DC67B96-DB97-4588-A4D2-564BDF41A1D0}.Debug|Any CPU.Build.0 = Debug|Any CPU
		{3DC67B96-DB97-4588-A4D2-564BDF41A1D0}.ExportDebug|Any CPU.ActiveCfg = ExportDebug|Any CPU
		{3DC67B96-DB97-4588-A4D2-564BDF41A1D0}.ExportDebug|Any CPU.Build.0 = ExportDebug|Any CPU
		{3DC67B96-DB97-4588-A4D2-564BDF41A1D0}.ExportRelease|Any CPU.ActiveCfg = ExportRelease|Any CPU
		{3DC67B96-DB97-4588-A4D2-564BDF41A1D0}.ExportRelease|Any CPU.Build.0 = ExportRelease|Any CPU
>>>>>>> c176780736a76e28c636b8bbcef2fc1ff06f07c5
	EndGlobalSection
EndGlobal
